
Microsoft Visual Studio Solution File, Format Version 12.00
# Visual Studio 2013
VisualStudioVersion = 12.0.21005.1
MinimumVisualStudioVersion = 10.0.40219.1
Project("{8BC9CEB8-8B4A-11D0-8D11-00A0C91BC942}") = "Tut4", "Tut4\Tut4.vcxproj", "{72ABF32E-1CF0-4F12-BD23-B77E2D956ABA}"
EndProject
Project("{8BC9CEB8-8B4A-11D0-8D11-00A0C91BC942}") = "StackUnitTest", "StackUnitTest\StackUnitTest.vcxproj", "{95B6ABE5-B958-4E86-B645-EC9773FB7B1B}"
EndProject
Project("{8BC9CEB8-8B4A-11D0-8D11-00A0C91BC942}") = "StackDLL", "StackDLL\StackDLL.vcxproj", "{5FCDC047-EE78-49FE-821E-B710894B9846}"
EndProject
Global
	GlobalSection(SolutionConfigurationPlatforms) = preSolution
		Debug|Win32 = Debug|Win32
		Release|Win32 = Release|Win32
	EndGlobalSection
	GlobalSection(ProjectConfigurationPlatforms) = postSolution
		{72ABF32E-1CF0-4F12-BD23-B77E2D956ABA}.Debug|Win32.ActiveCfg = Debug|Win32
		{72ABF32E-1CF0-4F12-BD23-B77E2D956ABA}.Debug|Win32.Build.0 = Debug|Win32
		{72ABF32E-1CF0-4F12-BD23-B77E2D956ABA}.Release|Win32.ActiveCfg = Release|Win32
		{72ABF32E-1CF0-4F12-BD23-B77E2D956ABA}.Release|Win32.Build.0 = Release|Win32
		{95B6ABE5-B958-4E86-B645-EC9773FB7B1B}.Debug|Win32.ActiveCfg = Debug|Win32
		{95B6ABE5-B958-4E86-B645-EC9773FB7B1B}.Debug|Win32.Build.0 = Debug|Win32
		{95B6ABE5-B958-4E86-B645-EC9773FB7B1B}.Release|Win32.ActiveCfg = Release|Win32
		{95B6ABE5-B958-4E86-B645-EC9773FB7B1B}.Release|Win32.Build.0 = Release|Win32
		{5FCDC047-EE78-49FE-821E-B710894B9846}.Debug|Win32.ActiveCfg = Debug|Win32
		{5FCDC047-EE78-49FE-821E-B710894B9846}.Debug|Win32.Build.0 = Debug|Win32
		{5FCDC047-EE78-49FE-821E-B710894B9846}.Release|Win32.ActiveCfg = Release|Win32
		{5FCDC047-EE78-49FE-821E-B710894B9846}.Release|Win32.Build.0 = Release|Win32
	EndGlobalSection
	GlobalSection(SolutionProperties) = preSolution
		HideSolutionNode = FALSE
	EndGlobalSection
EndGlobal
